github.com/ipoluianov/gomisc v0.0.20 h1:TBD+YsSnDtGKXWk9ZjNOjLcAxXWrr54THwQPtWIN+PE=
github.com/ipoluianov/gomisc v0.0.20/go.mod h1:3rlYbwz/L3LSguP2M+Png08EAWoXFxPXJ65uLhweiiU=
github.com/ipoluianov/mdata v0.0.0-20240331073250-acad306a3b5e h1:1Ap3ZtTA1bFOHk4YAVnoh+tO87vguVlEY9PmCED8Ils=
github.com/ipoluianov/mdata v0.0.0-20240331073250-acad306a3b5e/go.mod h1:alzrgHO+aJFRiJRgm6ryBkV7bg+oy+8VgkayUla6fgU=
